
Microsoft Visual Studio Solution File, Format Version 12.00
# Visual Studio Version 17
VisualStudioVersion = 17.14.36511.14 d17.14
MinimumVisualStudioVersion = 10.0.40219.1
Project("{FAE04EC0-301F-11D3-BF4B-00C04F79EFBC}") = "M10_Trab.Pesquisa_Escola", "M10_Trab.Pesquisa_Escola.csproj", "{41A9A6CC-619E-425F-8EED-16B31A140E22}"
EndProject
Global
	GlobalSection(SolutionConfigurationPlatforms) = preSolution
		Debug|Any CPU = Debug|Any CPU
		Release|Any CPU = Release|Any CPU
	EndGlobalSection
	GlobalSection(ProjectConfigurationPlatforms) = postSolution
		{41A9A6CC-619E-425F-8EED-16B31A140E22}.Debug|Any CPU.ActiveCfg = Debug|Any CPU
		{41A9A6CC-619E-425F-8EED-16B31A140E22}.Debug|Any CPU.Build.0 = Debug|Any CPU
		{41A9A6CC-619E-425F-8EED-16B31A140E22}.Release|Any CPU.ActiveCfg = Release|Any CPU
		{41A9A6CC-619E-425F-8EED-16B31A140E22}.Release|Any CPU.Build.0 = Release|Any CPU
	EndGlobalSection
	GlobalSection(SolutionProperties) = preSolution
		HideSolutionNode = FALSE
	EndGlobalSection
	GlobalSection(ExtensibilityGlobals) = postSolution
		SolutionGuid = {6C60BCCF-1A69-429C-8429-05FFD3A6F83F}
	EndGlobalSection
EndGlobal
