
Microsoft Visual Studio Solution File, Format Version 12.00
# Visual Studio Version 17
VisualStudioVersion = 17.4.33205.214
MinimumVisualStudioVersion = 10.0.40219.1
Project("{FAE04EC0-301F-11D3-BF4B-00C04F79EFBC}") = "M10_Ex01_Empresa", "M10_Ex01_Empresa.csproj", "{4875F42F-A28D-4639-8E79-B4A58F54BB55}"
EndProject
Global
	GlobalSection(SolutionConfigurationPlatforms) = preSolution
		Debug|Any CPU = Debug|Any CPU
		Release|Any CPU = Release|Any CPU
	EndGlobalSection
	GlobalSection(ProjectConfigurationPlatforms) = postSolution
		{4875F42F-A28D-4639-8E79-B4A58F54BB55}.Debug|Any CPU.ActiveCfg = Debug|Any CPU
		{4875F42F-A28D-4639-8E79-B4A58F54BB55}.Debug|Any CPU.Build.0 = Debug|Any CPU
		{4875F42F-A28D-4639-8E79-B4A58F54BB55}.Release|Any CPU.ActiveCfg = Release|Any CPU
		{4875F42F-A28D-4639-8E79-B4A58F54BB55}.Release|Any CPU.Build.0 = Release|Any CPU
	EndGlobalSection
	GlobalSection(SolutionProperties) = preSolution
		HideSolutionNode = FALSE
	EndGlobalSection
	GlobalSection(ExtensibilityGlobals) = postSolution
		SolutionGuid = {3CCEBCE8-D6BE-4F65-A1BB-F5CFD5586DAD}
	EndGlobalSection
EndGlobal
