
Microsoft Visual Studio Solution File, Format Version 12.00
# Visual Studio Version 17
VisualStudioVersion = 17.14.36616.10 d17.14
MinimumVisualStudioVersion = 10.0.40219.1
Project("{FAE04EC0-301F-11D3-BF4B-00C04F79EFBC}") = "M9_Ficha05_Ex4_Alunos", "M9_Ficha05_Ex4_Alunos.csproj", "{58245D95-E975-40CC-9CE5-63003EED271E}"
EndProject
Global
	GlobalSection(SolutionConfigurationPlatforms) = preSolution
		Debug|Any CPU = Debug|Any CPU
		Release|Any CPU = Release|Any CPU
	EndGlobalSection
	GlobalSection(ProjectConfigurationPlatforms) = postSolution
		{58245D95-E975-40CC-9CE5-63003EED271E}.Debug|Any CPU.ActiveCfg = Debug|Any CPU
		{58245D95-E975-40CC-9CE5-63003EED271E}.Debug|Any CPU.Build.0 = Debug|Any CPU
		{58245D95-E975-40CC-9CE5-63003EED271E}.Release|Any CPU.ActiveCfg = Release|Any CPU
		{58245D95-E975-40CC-9CE5-63003EED271E}.Release|Any CPU.Build.0 = Release|Any CPU
	EndGlobalSection
	GlobalSection(SolutionProperties) = preSolution
		HideSolutionNode = FALSE
	EndGlobalSection
	GlobalSection(ExtensibilityGlobals) = postSolution
		SolutionGuid = {4250E9BE-64B3-4EB4-B1BC-F333327BF8E6}
	EndGlobalSection
EndGlobal
