
Microsoft Visual Studio Solution File, Format Version 12.00
# Visual Studio Version 17
VisualStudioVersion = 17.4.33205.214
MinimumVisualStudioVersion = 10.0.40219.1
Project("{FAE04EC0-301F-11D3-BF4B-00C04F79EFBC}") = "M10_Ex05_Escola", "M10_Ex05_Escola.csproj", "{E2F6F905-2045-431A-ADA3-1408D309CD13}"
EndProject
Global
	GlobalSection(SolutionConfigurationPlatforms) = preSolution
		Debug|Any CPU = Debug|Any CPU
		Release|Any CPU = Release|Any CPU
	EndGlobalSection
	GlobalSection(ProjectConfigurationPlatforms) = postSolution
		{E2F6F905-2045-431A-ADA3-1408D309CD13}.Debug|Any CPU.ActiveCfg = Debug|Any CPU
		{E2F6F905-2045-431A-ADA3-1408D309CD13}.Debug|Any CPU.Build.0 = Debug|Any CPU
		{E2F6F905-2045-431A-ADA3-1408D309CD13}.Release|Any CPU.ActiveCfg = Release|Any CPU
		{E2F6F905-2045-431A-ADA3-1408D309CD13}.Release|Any CPU.Build.0 = Release|Any CPU
	EndGlobalSection
	GlobalSection(SolutionProperties) = preSolution
		HideSolutionNode = FALSE
	EndGlobalSection
	GlobalSection(ExtensibilityGlobals) = postSolution
		SolutionGuid = {2054543A-96A8-49CF-82EA-2D884BD86115}
	EndGlobalSection
EndGlobal
